schema: '2.0'
stages:
  data_ingestion:
    cmd: python src/Chest_Cancer_Classification/pipeline/stage_01_data_ingestion.py
    deps:
    - path: config/config.yaml
      hash: md5
      md5: 05e021451ce3d0c6e82cde2b15c7c158
      size: 566
    - path: src/Chest_Cancer_Classification/pipeline/stage_01_data_ingestion.py
      hash: md5
      md5: db97912efbf037d76868fe1b6a540082
      size: 922
    outs:
    - path: artifacts/data_ingestion/Chest-CT-Scan-data
      hash: md5
      md5: 904fa45d934ce879b3b1933dca6cb2f1.dir
      size: 49247431
      nfiles: 343
  prepare_base_model:
    cmd: python src/Chest_Cancer_Classification/pipeline/stage_02_prepare_base_model.py
    deps:
    - path: config/config.yaml
      hash: md5
      md5: 05e021451ce3d0c6e82cde2b15c7c158
      size: 566
    - path: src/Chest_Cancer_Classification/pipeline/stage_02_prepare_base_model.py
      hash: md5
      md5: 18ec5bcb255a4991a0cd6ad6c0d0ffe9
      size: 994
    params:
      params.yaml:
        CLASSES: 2
        IMAGE_SIZE:
        - 224
        - 224
        - 3
        INCLUDE_TOP: false
        LEARNING_RATE: 0.01
        WEIGHTS: imagenet
    outs:
    - path: artifacts/prepare_base_model
      hash: md5
      md5: 3ecb7d70106566fb1ed56a10b7f434c7.dir
      size: 118054560
      nfiles: 2
  training:
    cmd: python src/Chest_Cancer_Classification/pipeline/stage_03_model_trainer.py
    deps:
    - path: artifacts/data_ingestion/Chest-CT-Scan-data
      hash: md5
      md5: 904fa45d934ce879b3b1933dca6cb2f1.dir
      size: 49247431
      nfiles: 343
    - path: artifacts/prepare_base_model
      hash: md5
      md5: 3ecb7d70106566fb1ed56a10b7f434c7.dir
      size: 118054560
      nfiles: 2
    - path: config/config.yaml
      hash: md5
      md5: 05e021451ce3d0c6e82cde2b15c7c158
      size: 566
    - path: src/Chest_Cancer_Classification/pipeline/stage_03_model_trainer.py
      hash: md5
      md5: 8a2a1ab7f9c8bfd2f86137823a941f60
      size: 914
    params:
      params.yaml:
        AUGMENTATION: true
        BATCH_SIZE: 16
        EPOCHS: 10
        IMAGE_SIZE:
        - 224
        - 224
        - 3
    outs:
    - path: artifacts/training/model.h5
      hash: md5
      md5: 9bb4c5df2e5c829e6b589367120f94bd
      size: 59337520
  evaluation:
    cmd: python src/Chest_Cancer_Classification/pipeline/stage_04_model_evaluation.py
    deps:
    - path: artifacts/data_ingestion/Chest-CT-Scan-data
      hash: md5
      md5: 904fa45d934ce879b3b1933dca6cb2f1.dir
      size: 49247431
      nfiles: 343
    - path: config/config.yaml
      hash: md5
      md5: 05e021451ce3d0c6e82cde2b15c7c158
      size: 566
    - path: src/Chest_Cancer_Classification/pipeline/stage_04_model_evaluation.py
      hash: md5
      md5: c2f4ef7100eb137f4a783e29f3b6973e
      size: 951
    params:
      params.yaml:
        BATCH_SIZE: 16
        IMAGE_SIZE:
        - 224
        - 224
        - 3
    outs:
    - path: scores.json
      hash: md5
      md5: d3ab123dc2e7a12a67c16c00f08e1125
      size: 70
