schema: '2.0'
stages:
  data_ingestion:
    cmd: python src/Chest_Cancer_Classification/pipeline/stage_01_data_ingestion.py
    deps:
    - path: config/config.yaml
      hash: md5
      md5: f9a59d513b25ab3410f46d248e5664a9
      size: 566
    - path: src/Chest_Cancer_Classification/pipeline/stage_01_data_ingestion.py
      hash: md5
      md5: db97912efbf037d76868fe1b6a540082
      size: 922
    outs:
    - path: artifacts/data_ingestion/dogs_vs_cats
      hash: md5
      md5: c1466c7e17e8c6b74da8719ea5e4baf8.dir
      size: 571915376
      nfiles: 25000
  prepare_base_model:
    cmd: python src/Chest_Cancer_Classification/pipeline/stage_02_prepare_base_model.py
    deps:
    - path: config/config.yaml
      hash: md5
      md5: f9a59d513b25ab3410f46d248e5664a9
      size: 566
    - path: src/Chest_Cancer_Classification/pipeline/stage_02_prepare_base_model.py
      hash: md5
      md5: 18ec5bcb255a4991a0cd6ad6c0d0ffe9
      size: 994
    params:
      params.yaml:
        CLASSES: 2
        IMAGE_SIZE:
        - 224
        - 224
        - 3
        INCLUDE_TOP: false
        LEARNING_RATE: 0.01
        WEIGHTS: imagenet
    outs:
    - path: artifacts/prepare_base_model
      hash: md5
      md5: 01e175d4bda0b38bd220e6747802c9d5.dir
      size: 121478016
      nfiles: 2
  training:
    cmd: python src/Chest_Cancer_Classification/pipeline/stage_03_model_trainer.py
    deps:
    - path: artifacts/data_ingestion/dogs_vs_cats/train
      hash: md5
      md5: 34558834f7b1fa308b2497245497180c.dir
      size: 458746917
      nfiles: 20000
    - path: artifacts/prepare_base_model
      hash: md5
      md5: 01e175d4bda0b38bd220e6747802c9d5.dir
      size: 121478016
      nfiles: 2
    - path: config/config.yaml
      hash: md5
      md5: f9a59d513b25ab3410f46d248e5664a9
      size: 566
    - path: src/Chest_Cancer_Classification/pipeline/stage_03_model_trainer.py
      hash: md5
      md5: 8a2a1ab7f9c8bfd2f86137823a941f60
      size: 914
    params:
      params.yaml:
        AUGMENTATION: true
        BATCH_SIZE: 16
        EPOCHS: 1
        IMAGE_SIZE:
        - 224
        - 224
        - 3
    outs:
    - path: artifacts/training/model.h5
      hash: md5
      md5: 7991f39a4740afd82b18e5fa272f2ae0
      size: 69430000
  evaluation:
    cmd: python src/Chest_Cancer_Classification/pipeline/stage_04_model_evaluation.py
    deps:
    - path: artifacts/data_ingestion/dogs_vs_cats/test
      hash: md5
      md5: e34ce247a4ba4ed441abd36d6f54a4d5.dir
      size: 113168459
      nfiles: 5000
    - path: config/config.yaml
      hash: md5
      md5: f9a59d513b25ab3410f46d248e5664a9
      size: 566
    - path: src/Chest_Cancer_Classification/pipeline/stage_04_model_evaluation.py
      hash: md5
      md5: c2f4ef7100eb137f4a783e29f3b6973e
      size: 951
    params:
      params.yaml:
        BATCH_SIZE: 16
        IMAGE_SIZE:
        - 224
        - 224
        - 3
    outs:
    - path: scores.json
      hash: md5
      md5: 5460f4f5588df132c10950cad79b9e74
      size: 71
